
Microsoft Visual Studio Solution File, Format Version 12.00
Project("{FAE04EC0-301F-11D3-BF4B-00C04F79EFBC}") = "Strategy", "Strategy\Strategy.csproj", "{75308A2C-53F4-4514-81FD-8A2F55B82CD9}"
EndProject
Project("{FAE04EC0-301F-11D3-BF4B-00C04F79EFBC}") = "TemplateMethod", "TemplateMethod\TemplateMethod.csproj", "{900FB0D9-15F3-4373-A7A0-5DF032552AD4}"
EndProject
Project("{FAE04EC0-301F-11D3-BF4B-00C04F79EFBC}") = "Visitor", "Visitor\Visitor.csproj", "{3E29BC93-343D-42C1-B14F-FAB40D1049FA}"
EndProject
Project("{FAE04EC0-301F-11D3-BF4B-00C04F79EFBC}") = "State", "State\State.csproj", "{8891FE84-6D24-493A-AFD8-3EE29C4422E3}"
EndProject
Project("{FAE04EC0-301F-11D3-BF4B-00C04F79EFBC}") = "Command", "Command\Command.csproj", "{1852F955-F4B3-435C-AA11-0CA04B9B57B9}"
EndProject
Project("{FAE04EC0-301F-11D3-BF4B-00C04F79EFBC}") = "Iterator", "Iterator\Iterator.csproj", "{8C3AB045-C4C0-42EE-B42E-8D148BE30F75}"
EndProject
Project("{FAE04EC0-301F-11D3-BF4B-00C04F79EFBC}") = "Mediator", "Mediator\Mediator.csproj", "{141EF163-9345-4420-B17C-EC02D8F0B9B4}"
EndProject
Project("{FAE04EC0-301F-11D3-BF4B-00C04F79EFBC}") = "Observer", "Observer\Observer.csproj", "{07E59B8D-E73D-4D7B-B6CA-DCE71B49BAF8}"
EndProject
Project("{FAE04EC0-301F-11D3-BF4B-00C04F79EFBC}") = "Memento", "Memento\Memento.csproj", "{FD46E631-B02F-4F0F-8F20-4CE9A8A6FCDB}"
EndProject
Project("{FAE04EC0-301F-11D3-BF4B-00C04F79EFBC}") = "ChainOfResponsibility", "ChainOfResponsibility\ChainOfResponsibility.csproj", "{B0197679-BCC9-47AA-BB5D-EEC0B9017AF6}"
EndProject
Project("{FAE04EC0-301F-11D3-BF4B-00C04F79EFBC}") = "FactoryMethod", "FactoryMethod\FactoryMethod.csproj", "{653D156C-1004-4AD6-AB12-939D1FFDC591}"
EndProject
Project("{FAE04EC0-301F-11D3-BF4B-00C04F79EFBC}") = "AbstractFactory", "AbstractFactory\AbstractFactory.csproj", "{44BA322C-C8BA-4D61-9A51-455801C3902D}"
EndProject
Project("{FAE04EC0-301F-11D3-BF4B-00C04F79EFBC}") = "Builder", "Builder\Builder.csproj", "{CB7A7129-0004-4D28-8701-D4ACF3186891}"
EndProject
Project("{FAE04EC0-301F-11D3-BF4B-00C04F79EFBC}") = "Singleton", "Singleton\Singleton.csproj", "{2AB43428-1BB4-4E31-966F-291BD55FBC6E}"
EndProject
Project("{FAE04EC0-301F-11D3-BF4B-00C04F79EFBC}") = "Prototype", "Prototype\Prototype.csproj", "{567037F3-D59B-46E8-8BD5-3ABB7A914EF9}"
EndProject
Project("{FAE04EC0-301F-11D3-BF4B-00C04F79EFBC}") = "Adapter", "Adapter\Adapter.csproj", "{01D37843-DCBE-4685-9E88-208930336D80}"
EndProject
Project("{FAE04EC0-301F-11D3-BF4B-00C04F79EFBC}") = "Decorator", "Decorator\Decorator.csproj", "{6C17D051-E5A6-4B4A-9B2F-03E0DE2F7FE7}"
EndProject
Project("{FAE04EC0-301F-11D3-BF4B-00C04F79EFBC}") = "Facade", "Facade\Facade.csproj", "{3AB6B5BA-7D24-42EF-9696-453072340CE1}"
EndProject
Project("{FAE04EC0-301F-11D3-BF4B-00C04F79EFBC}") = "Proxy", "Proxy\Proxy.csproj", "{5B9DDC52-69AF-45C5-9398-5B8F3C5BEF31}"
EndProject
Project("{FAE04EC0-301F-11D3-BF4B-00C04F79EFBC}") = "Flyweight", "Flyweight\Flyweight.csproj", "{CC9CD3EC-3475-4584-9DD8-FEA203BB39C6}"
EndProject
Project("{FAE04EC0-301F-11D3-BF4B-00C04F79EFBC}") = "Bridge", "Bridge\Bridge.csproj", "{770FE589-1AD9-4717-AA1A-3B0D6110330E}"
EndProject
Global
	GlobalSection(SolutionConfigurationPlatforms) = preSolution
		Debug|Any CPU = Debug|Any CPU
		Release|Any CPU = Release|Any CPU
	EndGlobalSection
	GlobalSection(ProjectConfigurationPlatforms) = postSolution
		{75308A2C-53F4-4514-81FD-8A2F55B82CD9}.Debug|Any CPU.ActiveCfg = Debug|Any CPU
		{75308A2C-53F4-4514-81FD-8A2F55B82CD9}.Debug|Any CPU.Build.0 = Debug|Any CPU
		{75308A2C-53F4-4514-81FD-8A2F55B82CD9}.Release|Any CPU.ActiveCfg = Release|Any CPU
		{75308A2C-53F4-4514-81FD-8A2F55B82CD9}.Release|Any CPU.Build.0 = Release|Any CPU
		{900FB0D9-15F3-4373-A7A0-5DF032552AD4}.Debug|Any CPU.ActiveCfg = Debug|Any CPU
		{900FB0D9-15F3-4373-A7A0-5DF032552AD4}.Debug|Any CPU.Build.0 = Debug|Any CPU
		{900FB0D9-15F3-4373-A7A0-5DF032552AD4}.Release|Any CPU.ActiveCfg = Release|Any CPU
		{900FB0D9-15F3-4373-A7A0-5DF032552AD4}.Release|Any CPU.Build.0 = Release|Any CPU
		{3E29BC93-343D-42C1-B14F-FAB40D1049FA}.Debug|Any CPU.ActiveCfg = Debug|Any CPU
		{3E29BC93-343D-42C1-B14F-FAB40D1049FA}.Debug|Any CPU.Build.0 = Debug|Any CPU
		{3E29BC93-343D-42C1-B14F-FAB40D1049FA}.Release|Any CPU.ActiveCfg = Release|Any CPU
		{3E29BC93-343D-42C1-B14F-FAB40D1049FA}.Release|Any CPU.Build.0 = Release|Any CPU
		{8891FE84-6D24-493A-AFD8-3EE29C4422E3}.Debug|Any CPU.ActiveCfg = Debug|Any CPU
		{8891FE84-6D24-493A-AFD8-3EE29C4422E3}.Debug|Any CPU.Build.0 = Debug|Any CPU
		{8891FE84-6D24-493A-AFD8-3EE29C4422E3}.Release|Any CPU.ActiveCfg = Release|Any CPU
		{8891FE84-6D24-493A-AFD8-3EE29C4422E3}.Release|Any CPU.Build.0 = Release|Any CPU
		{1852F955-F4B3-435C-AA11-0CA04B9B57B9}.Debug|Any CPU.ActiveCfg = Debug|Any CPU
		{1852F955-F4B3-435C-AA11-0CA04B9B57B9}.Debug|Any CPU.Build.0 = Debug|Any CPU
		{1852F955-F4B3-435C-AA11-0CA04B9B57B9}.Release|Any CPU.ActiveCfg = Release|Any CPU
		{1852F955-F4B3-435C-AA11-0CA04B9B57B9}.Release|Any CPU.Build.0 = Release|Any CPU
		{8C3AB045-C4C0-42EE-B42E-8D148BE30F75}.Debug|Any CPU.ActiveCfg = Debug|Any CPU
		{8C3AB045-C4C0-42EE-B42E-8D148BE30F75}.Debug|Any CPU.Build.0 = Debug|Any CPU
		{8C3AB045-C4C0-42EE-B42E-8D148BE30F75}.Release|Any CPU.ActiveCfg = Release|Any CPU
		{8C3AB045-C4C0-42EE-B42E-8D148BE30F75}.Release|Any CPU.Build.0 = Release|Any CPU
		{141EF163-9345-4420-B17C-EC02D8F0B9B4}.Debug|Any CPU.ActiveCfg = Debug|Any CPU
		{141EF163-9345-4420-B17C-EC02D8F0B9B4}.Debug|Any CPU.Build.0 = Debug|Any CPU
		{141EF163-9345-4420-B17C-EC02D8F0B9B4}.Release|Any CPU.ActiveCfg = Release|Any CPU
		{141EF163-9345-4420-B17C-EC02D8F0B9B4}.Release|Any CPU.Build.0 = Release|Any CPU
		{07E59B8D-E73D-4D7B-B6CA-DCE71B49BAF8}.Debug|Any CPU.ActiveCfg = Debug|Any CPU
		{07E59B8D-E73D-4D7B-B6CA-DCE71B49BAF8}.Debug|Any CPU.Build.0 = Debug|Any CPU
		{07E59B8D-E73D-4D7B-B6CA-DCE71B49BAF8}.Release|Any CPU.ActiveCfg = Release|Any CPU
		{07E59B8D-E73D-4D7B-B6CA-DCE71B49BAF8}.Release|Any CPU.Build.0 = Release|Any CPU
		{FD46E631-B02F-4F0F-8F20-4CE9A8A6FCDB}.Debug|Any CPU.ActiveCfg = Debug|Any CPU
		{FD46E631-B02F-4F0F-8F20-4CE9A8A6FCDB}.Debug|Any CPU.Build.0 = Debug|Any CPU
		{FD46E631-B02F-4F0F-8F20-4CE9A8A6FCDB}.Release|Any CPU.ActiveCfg = Release|Any CPU
		{FD46E631-B02F-4F0F-8F20-4CE9A8A6FCDB}.Release|Any CPU.Build.0 = Release|Any CPU
		{B0197679-BCC9-47AA-BB5D-EEC0B9017AF6}.Debug|Any CPU.ActiveCfg = Debug|Any CPU
		{B0197679-BCC9-47AA-BB5D-EEC0B9017AF6}.Debug|Any CPU.Build.0 = Debug|Any CPU
		{B0197679-BCC9-47AA-BB5D-EEC0B9017AF6}.Release|Any CPU.ActiveCfg = Release|Any CPU
		{B0197679-BCC9-47AA-BB5D-EEC0B9017AF6}.Release|Any CPU.Build.0 = Release|Any CPU
		{653D156C-1004-4AD6-AB12-939D1FFDC591}.Debug|Any CPU.ActiveCfg = Debug|Any CPU
		{653D156C-1004-4AD6-AB12-939D1FFDC591}.Debug|Any CPU.Build.0 = Debug|Any CPU
		{653D156C-1004-4AD6-AB12-939D1FFDC591}.Release|Any CPU.ActiveCfg = Release|Any CPU
		{653D156C-1004-4AD6-AB12-939D1FFDC591}.Release|Any CPU.Build.0 = Release|Any CPU
		{44BA322C-C8BA-4D61-9A51-455801C3902D}.Debug|Any CPU.ActiveCfg = Debug|Any CPU
		{44BA322C-C8BA-4D61-9A51-455801C3902D}.Debug|Any CPU.Build.0 = Debug|Any CPU
		{44BA322C-C8BA-4D61-9A51-455801C3902D}.Release|Any CPU.ActiveCfg = Release|Any CPU
		{44BA322C-C8BA-4D61-9A51-455801C3902D}.Release|Any CPU.Build.0 = Release|Any CPU
		{CB7A7129-0004-4D28-8701-D4ACF3186891}.Debug|Any CPU.ActiveCfg = Debug|Any CPU
		{CB7A7129-0004-4D28-8701-D4ACF3186891}.Debug|Any CPU.Build.0 = Debug|Any CPU
		{CB7A7129-0004-4D28-8701-D4ACF3186891}.Release|Any CPU.ActiveCfg = Release|Any CPU
		{CB7A7129-0004-4D28-8701-D4ACF3186891}.Release|Any CPU.Build.0 = Release|Any CPU
		{2AB43428-1BB4-4E31-966F-291BD55FBC6E}.Debug|Any CPU.ActiveCfg = Debug|Any CPU
		{2AB43428-1BB4-4E31-966F-291BD55FBC6E}.Debug|Any CPU.Build.0 = Debug|Any CPU
		{2AB43428-1BB4-4E31-966F-291BD55FBC6E}.Release|Any CPU.ActiveCfg = Release|Any CPU
		{2AB43428-1BB4-4E31-966F-291BD55FBC6E}.Release|Any CPU.Build.0 = Release|Any CPU
		{567037F3-D59B-46E8-8BD5-3ABB7A914EF9}.Debug|Any CPU.ActiveCfg = Debug|Any CPU
		{567037F3-D59B-46E8-8BD5-3ABB7A914EF9}.Debug|Any CPU.Build.0 = Debug|Any CPU
		{567037F3-D59B-46E8-8BD5-3ABB7A914EF9}.Release|Any CPU.ActiveCfg = Release|Any CPU
		{567037F3-D59B-46E8-8BD5-3ABB7A914EF9}.Release|Any CPU.Build.0 = Release|Any CPU
		{01D37843-DCBE-4685-9E88-208930336D80}.Debug|Any CPU.ActiveCfg = Debug|Any CPU
		{01D37843-DCBE-4685-9E88-208930336D80}.Debug|Any CPU.Build.0 = Debug|Any CPU
		{01D37843-DCBE-4685-9E88-208930336D80}.Release|Any CPU.ActiveCfg = Release|Any CPU
		{01D37843-DCBE-4685-9E88-208930336D80}.Release|Any CPU.Build.0 = Release|Any CPU
		{6C17D051-E5A6-4B4A-9B2F-03E0DE2F7FE7}.Debug|Any CPU.ActiveCfg = Debug|Any CPU
		{6C17D051-E5A6-4B4A-9B2F-03E0DE2F7FE7}.Debug|Any CPU.Build.0 = Debug|Any CPU
		{6C17D051-E5A6-4B4A-9B2F-03E0DE2F7FE7}.Release|Any CPU.ActiveCfg = Release|Any CPU
		{6C17D051-E5A6-4B4A-9B2F-03E0DE2F7FE7}.Release|Any CPU.Build.0 = Release|Any CPU
		{3AB6B5BA-7D24-42EF-9696-453072340CE1}.Debug|Any CPU.ActiveCfg = Debug|Any CPU
		{3AB6B5BA-7D24-42EF-9696-453072340CE1}.Debug|Any CPU.Build.0 = Debug|Any CPU
		{3AB6B5BA-7D24-42EF-9696-453072340CE1}.Release|Any CPU.ActiveCfg = Release|Any CPU
		{3AB6B5BA-7D24-42EF-9696-453072340CE1}.Release|Any CPU.Build.0 = Release|Any CPU
		{5B9DDC52-69AF-45C5-9398-5B8F3C5BEF31}.Debug|Any CPU.ActiveCfg = Debug|Any CPU
		{5B9DDC52-69AF-45C5-9398-5B8F3C5BEF31}.Debug|Any CPU.Build.0 = Debug|Any CPU
		{5B9DDC52-69AF-45C5-9398-5B8F3C5BEF31}.Release|Any CPU.ActiveCfg = Release|Any CPU
		{5B9DDC52-69AF-45C5-9398-5B8F3C5BEF31}.Release|Any CPU.Build.0 = Release|Any CPU
		{CC9CD3EC-3475-4584-9DD8-FEA203BB39C6}.Debug|Any CPU.ActiveCfg = Debug|Any CPU
		{CC9CD3EC-3475-4584-9DD8-FEA203BB39C6}.Debug|Any CPU.Build.0 = Debug|Any CPU
		{CC9CD3EC-3475-4584-9DD8-FEA203BB39C6}.Release|Any CPU.ActiveCfg = Release|Any CPU
		{CC9CD3EC-3475-4584-9DD8-FEA203BB39C6}.Release|Any CPU.Build.0 = Release|Any CPU
		{770FE589-1AD9-4717-AA1A-3B0D6110330E}.Debug|Any CPU.ActiveCfg = Debug|Any CPU
		{770FE589-1AD9-4717-AA1A-3B0D6110330E}.Debug|Any CPU.Build.0 = Debug|Any CPU
		{770FE589-1AD9-4717-AA1A-3B0D6110330E}.Release|Any CPU.ActiveCfg = Release|Any CPU
		{770FE589-1AD9-4717-AA1A-3B0D6110330E}.Release|Any CPU.Build.0 = Release|Any CPU
	EndGlobalSection
EndGlobal
